
Microsoft Visual Studio Solution File, Format Version 12.00
# Visual Studio Version 16
VisualStudioVersion = 16.0.31729.503
MinimumVisualStudioVersion = 10.0.40219.1
Project("{FAE04EC0-301F-11D3-BF4B-00C04F79EFBC}") = "Longest Increasing Path in a Matrix", "Longest Increasing Path in a Matrix\Longest Increasing Path in a Matrix.csproj", "{51D44090-251D-4246-80D2-6381D95CC720}"
EndProject
Global
	GlobalSection(SolutionConfigurationPlatforms) = preSolution
		Debug|Any CPU = Debug|Any CPU
		Release|Any CPU = Release|Any CPU
	EndGlobalSection
	GlobalSection(ProjectConfigurationPlatforms) = postSolution
		{51D44090-251D-4246-80D2-6381D95CC720}.Debug|Any CPU.ActiveCfg = Debug|Any CPU
		{51D44090-251D-4246-80D2-6381D95CC720}.Debug|Any CPU.Build.0 = Debug|Any CPU
		{51D44090-251D-4246-80D2-6381D95CC720}.Release|Any CPU.ActiveCfg = Release|Any CPU
		{51D44090-251D-4246-80D2-6381D95CC720}.Release|Any CPU.Build.0 = Release|Any CPU
	EndGlobalSection
	GlobalSection(SolutionProperties) = preSolution
		HideSolutionNode = FALSE
	EndGlobalSection
	GlobalSection(ExtensibilityGlobals) = postSolution
		SolutionGuid = {DEDD5117-2ACF-452A-BD98-0EB7FE57076F}
	EndGlobalSection
EndGlobal
